// !$*UTF8*$!
{
	archiveVersion = 1;
	classes = {
	};
	objectVersion = 51;
	objects = {

/* Begin PBXBuildFile section */
		831762CB2D15D20EE8997CB8 /* Pods_MVVM_C.framework in Frameworks */ = {isa = PBXBuildFile; fileRef = CDBA4C8C24A1427FBC10C7C9 /* Pods_MVVM_C.framework */; };
		FC4651D4248A48B700508272 /* AppDelegate.swift in Sources */ = {isa = PBXBuildFile; fileRef = FC4651D3248A48B700508272 /* AppDelegate.swift */; };
		FC4651D6248A48B700508272 /* SceneDelegate.swift in Sources */ = {isa = PBXBuildFile; fileRef = FC4651D5248A48B700508272 /* SceneDelegate.swift */; };
		FC4651D8248A48B700508272 /* CreditCardSettingViewController.swift in Sources */ = {isa = PBXBuildFile; fileRef = FC4651D7248A48B700508272 /* CreditCardSettingViewController.swift */; };
		FC4651DD248A48B900508272 /* Assets.xcassets in Resources */ = {isa = PBXBuildFile; fileRef = FC4651DC248A48B900508272 /* Assets.xcassets */; };
		FC4651E0248A48B900508272 /* LaunchScreen.storyboard in Resources */ = {isa = PBXBuildFile; fileRef = FC4651DE248A48B900508272 /* LaunchScreen.storyboard */; };
		FC4651ED248A49E600508272 /* CreditCardSettingCoordinator.swift in Sources */ = {isa = PBXBuildFile; fileRef = FC4651EC248A49E600508272 /* CreditCardSettingCoordinator.swift */; };
		FC4651EF248A4A6B00508272 /* CreditCardSettingViewModel.swift in Sources */ = {isa = PBXBuildFile; fileRef = FC4651EE248A4A6B00508272 /* CreditCardSettingViewModel.swift */; };
		FC4651F1248A505100508272 /* BaseCoorinator.swift in Sources */ = {isa = PBXBuildFile; fileRef = FC4651F0248A505100508272 /* BaseCoorinator.swift */; };
		FCC25F7A248B0C45002992FE /* CreditCard.swift in Sources */ = {isa = PBXBuildFile; fileRef = FCC25F79248B0C45002992FE /* CreditCard.swift */; };
		FCC25F7C248B0D0D002992FE /* FakeAPIService.swift in Sources */ = {isa = PBXBuildFile; fileRef = FCC25F7B248B0D0D002992FE /* FakeAPIService.swift */; };
		FCC25FB3248B72ED002992FE /* SettingViewModel.swift in Sources */ = {isa = PBXBuildFile; fileRef = FCC25FAE248B72ED002992FE /* SettingViewModel.swift */; };
		FCC25FB4248B72ED002992FE /* SettingCoordinator.swift in Sources */ = {isa = PBXBuildFile; fileRef = FCC25FB0248B72ED002992FE /* SettingCoordinator.swift */; };
		FCC25FB5248B72ED002992FE /* SettingViewController.swift in Sources */ = {isa = PBXBuildFile; fileRef = FCC25FB2248B72ED002992FE /* SettingViewController.swift */; };
		FCC25FB7248B7E2C002992FE /* BaseSubtitleCell.swift in Sources */ = {isa = PBXBuildFile; fileRef = FCC25FB6248B7E2C002992FE /* BaseSubtitleCell.swift */; };
		FCC25FB9248B83FA002992FE /* AppCoordinator.swift in Sources */ = {isa = PBXBuildFile; fileRef = FCC25FB8248B83FA002992FE /* AppCoordinator.swift */; };
		FCC25FBD248CCA28002992FE /* ButtonCell.swift in Sources */ = {isa = PBXBuildFile; fileRef = FCC25FBC248CCA28002992FE /* ButtonCell.swift */; };
		FCE9A3012491AD2F00B5E8E5 /* SectionModel.swift in Sources */ = {isa = PBXBuildFile; fileRef = FCE9A3002491AD2F00B5E8E5 /* SectionModel.swift */; };
/* End PBXBuildFile section */

/* Begin PBXFileReference section */
		2852D493B7E199F988E60C04 /* Pods-MVVM-C.release.xcconfig */ = {isa = PBXFileReference; includeInIndex = 1; lastKnownFileType = text.xcconfig; name = "Pods-MVVM-C.release.xcconfig"; path = "Target Support Files/Pods-MVVM-C/Pods-MVVM-C.release.xcconfig"; sourceTree = "<group>"; };
		C96B4656EAAF99A28917CA90 /* Pods-MVVM-C.debug.xcconfig */ = {isa = PBXFileReference; includeInIndex = 1; lastKnownFileType = text.xcconfig; name = "Pods-MVVM-C.debug.xcconfig"; path = "Target Support Files/Pods-MVVM-C/Pods-MVVM-C.debug.xcconfig"; sourceTree = "<group>"; };
		CDBA4C8C24A1427FBC10C7C9 /* Pods_MVVM_C.framework */ = {isa = PBXFileReference; explicitFileType = wrapper.framework; includeInIndex = 0; path = Pods_MVVM_C.framework; sourceTree = BUILT_PRODUCTS_DIR; };
		FC4651D0248A48B700508272 /* MVVM-C.app */ = {isa = PBXFileReference; explicitFileType = wrapper.application; includeInIndex = 0; path = "MVVM-C.app"; sourceTree = BUILT_PRODUCTS_DIR; };
		FC4651D3248A48B700508272 /* AppDelegate.swift */ = {isa = PBXFileReference; lastKnownFileType = sourcecode.swift; path = AppDelegate.swift; sourceTree = "<group>"; };
		FC4651D5248A48B700508272 /* SceneDelegate.swift */ = {isa = PBXFileReference; lastKnownFileType = sourcecode.swift; path = SceneDelegate.swift; sourceTree = "<group>"; };
		FC4651D7248A48B700508272 /* CreditCardSettingViewController.swift */ = {isa = PBXFileReference; lastKnownFileType = sourcecode.swift; path = CreditCardSettingViewController.swift; sourceTree = "<group>"; };
		FC4651DC248A48B900508272 /* Assets.xcassets */ = {isa = PBXFileReference; lastKnownFileType = folder.assetcatalog; path = Assets.xcassets; sourceTree = "<group>"; };
		FC4651DF248A48B900508272 /* Base */ = {isa = PBXFileReference; lastKnownFileType = file.storyboard; name = Base; path = Base.lproj/LaunchScreen.storyboard; sourceTree = "<group>"; };
		FC4651E1248A48B900508272 /* Info.plist */ = {isa = PBXFileReference; lastKnownFileType = text.plist.xml; path = Info.plist; sourceTree = "<group>"; };
		FC4651EC248A49E600508272 /* CreditCardSettingCoordinator.swift */ = {isa = PBXFileReference; lastKnownFileType = sourcecode.swift; path = CreditCardSettingCoordinator.swift; sourceTree = "<group>"; };
		FC4651EE248A4A6B00508272 /* CreditCardSettingViewModel.swift */ = {isa = PBXFileReference; lastKnownFileType = sourcecode.swift; path = CreditCardSettingViewModel.swift; sourceTree = "<group>"; };
		FC4651F0248A505100508272 /* BaseCoorinator.swift */ = {isa = PBXFileReference; lastKnownFileType = sourcecode.swift; path = BaseCoorinator.swift; sourceTree = "<group>"; };
		FCC25F79248B0C45002992FE /* CreditCard.swift */ = {isa = PBXFileReference; lastKnownFileType = sourcecode.swift; path = CreditCard.swift; sourceTree = "<group>"; };
		FCC25F7B248B0D0D002992FE /* FakeAPIService.swift */ = {isa = PBXFileReference; lastKnownFileType = sourcecode.swift; path = FakeAPIService.swift; sourceTree = "<group>"; };
		FCC25FAE248B72ED002992FE /* SettingViewModel.swift */ = {isa = PBXFileReference; fileEncoding = 4; lastKnownFileType = sourcecode.swift; path = SettingViewModel.swift; sourceTree = "<group>"; };
		FCC25FB0248B72ED002992FE /* SettingCoordinator.swift */ = {isa = PBXFileReference; fileEncoding = 4; lastKnownFileType = sourcecode.swift; path = SettingCoordinator.swift; sourceTree = "<group>"; };
		FCC25FB2248B72ED002992FE /* SettingViewController.swift */ = {isa = PBXFileReference; fileEncoding = 4; lastKnownFileType = sourcecode.swift; path = SettingViewController.swift; sourceTree = "<group>"; };
		FCC25FB6248B7E2C002992FE /* BaseSubtitleCell.swift */ = {isa = PBXFileReference; lastKnownFileType = sourcecode.swift; path = BaseSubtitleCell.swift; sourceTree = "<group>"; };
		FCC25FB8248B83FA002992FE /* AppCoordinator.swift */ = {isa = PBXFileReference; lastKnownFileType = sourcecode.swift; path = AppCoordinator.swift; sourceTree = "<group>"; };
		FCC25FBC248CCA28002992FE /* ButtonCell.swift */ = {isa = PBXFileReference; lastKnownFileType = sourcecode.swift; path = ButtonCell.swift; sourceTree = "<group>"; };
		FCE9A3002491AD2F00B5E8E5 /* SectionModel.swift */ = {isa = PBXFileReference; lastKnownFileType = sourcecode.swift; path = SectionModel.swift; sourceTree = "<group>"; };
/* End PBXFileReference section */

/* Begin PBXFrameworksBuildPhase section */
		FC4651CD248A48B700508272 /* Frameworks */ = {
			isa = PBXFrameworksBuildPhase;
			buildActionMask = 2147483647;
			files = (
				831762CB2D15D20EE8997CB8 /* Pods_MVVM_C.framework in Frameworks */,
			);
			runOnlyForDeploymentPostprocessing = 0;
		};
/* End PBXFrameworksBuildPhase section */

/* Begin PBXGroup section */
		0F8888041E623EC0EEBA8123 /* Pods */ = {
			isa = PBXGroup;
			children = (
				C96B4656EAAF99A28917CA90 /* Pods-MVVM-C.debug.xcconfig */,
				2852D493B7E199F988E60C04 /* Pods-MVVM-C.release.xcconfig */,
			);
			path = Pods;
			sourceTree = "<group>";
		};
		6A028ECBA7F948CA8EE39F30 /* Frameworks */ = {
			isa = PBXGroup;
			children = (
				CDBA4C8C24A1427FBC10C7C9 /* Pods_MVVM_C.framework */,
			);
			name = Frameworks;
			sourceTree = "<group>";
		};
		FC4651C7248A48B700508272 = {
			isa = PBXGroup;
			children = (
				FC4651D2248A48B700508272 /* MVVM-C */,
				FC4651D1248A48B700508272 /* Products */,
				0F8888041E623EC0EEBA8123 /* Pods */,
				6A028ECBA7F948CA8EE39F30 /* Frameworks */,
			);
			sourceTree = "<group>";
		};
		FC4651D1248A48B700508272 /* Products */ = {
			isa = PBXGroup;
			children = (
				FC4651D0248A48B700508272 /* MVVM-C.app */,
			);
			name = Products;
			sourceTree = "<group>";
		};
		FC4651D2248A48B700508272 /* MVVM-C */ = {
			isa = PBXGroup;
			children = (
				FCC25F78248B0C3A002992FE /* Model */,
				FCC25F80248B6ACC002992FE /* Feature */,
				FCC25F7F248B6852002992FE /* Infrastrature */,
				FC4651D3248A48B700508272 /* AppDelegate.swift */,
				FC4651D5248A48B700508272 /* SceneDelegate.swift */,
				FC4651DC248A48B900508272 /* Assets.xcassets */,
				FC4651DE248A48B900508272 /* LaunchScreen.storyboard */,
				FC4651E1248A48B900508272 /* Info.plist */,
			);
			path = "MVVM-C";
			sourceTree = "<group>";
		};
		FC4651E7248A493900508272 /* CreditCardSetting */ = {
			isa = PBXGroup;
			children = (
				FC4651E8248A497900508272 /* Coordinator */,
				FC4651EB248A498F00508272 /* ViewModel */,
				FC4651E9248A498100508272 /* ViewController */,
			);
			path = CreditCardSetting;
			sourceTree = "<group>";
		};
		FC4651E8248A497900508272 /* Coordinator */ = {
			isa = PBXGroup;
			children = (
				FC4651EC248A49E600508272 /* CreditCardSettingCoordinator.swift */,
			);
			path = Coordinator;
			sourceTree = "<group>";
		};
		FC4651E9248A498100508272 /* ViewController */ = {
			isa = PBXGroup;
			children = (
				FC4651D7248A48B700508272 /* CreditCardSettingViewController.swift */,
			);
			path = ViewController;
			sourceTree = "<group>";
		};
		FC4651EB248A498F00508272 /* ViewModel */ = {
			isa = PBXGroup;
			children = (
				FC4651EE248A4A6B00508272 /* CreditCardSettingViewModel.swift */,
			);
			path = ViewModel;
			sourceTree = "<group>";
		};
		FCC25F78248B0C3A002992FE /* Model */ = {
			isa = PBXGroup;
			children = (
				FCC25F79248B0C45002992FE /* CreditCard.swift */,
			);
			path = Model;
			sourceTree = "<group>";
		};
		FCC25F7F248B6852002992FE /* Infrastrature */ = {
			isa = PBXGroup;
			children = (
				FCC25FBE248CCA30002992FE /* Cell */,
				FC4651F0248A505100508272 /* BaseCoorinator.swift */,
				FCC25F7B248B0D0D002992FE /* FakeAPIService.swift */,
				FCC25FB8248B83FA002992FE /* AppCoordinator.swift */,
			);
			path = Infrastrature;
			sourceTree = "<group>";
		};
		FCC25F80248B6ACC002992FE /* Feature */ = {
			isa = PBXGroup;
			children = (
				FCC25FAC248B72ED002992FE /* Setting */,
				FC4651E7248A493900508272 /* CreditCardSetting */,
			);
			path = Feature;
			sourceTree = "<group>";
		};
		FCC25FAC248B72ED002992FE /* Setting */ = {
			isa = PBXGroup;
			children = (
				FCE9A2FF2491AD1E00B5E8E5 /* Model */,
				FCC25FAF248B72ED002992FE /* Coordinator */,
				FCC25FAD248B72ED002992FE /* ViewModel */,
				FCC25FB1248B72ED002992FE /* ViewController */,
			);
			path = Setting;
			sourceTree = "<group>";
		};
		FCC25FAD248B72ED002992FE /* ViewModel */ = {
			isa = PBXGroup;
			children = (
				FCC25FAE248B72ED002992FE /* SettingViewModel.swift */,
			);
			path = ViewModel;
			sourceTree = "<group>";
		};
		FCC25FAF248B72ED002992FE /* Coordinator */ = {
			isa = PBXGroup;
			children = (
				FCC25FB0248B72ED002992FE /* SettingCoordinator.swift */,
			);
			path = Coordinator;
			sourceTree = "<group>";
		};
		FCC25FB1248B72ED002992FE /* ViewController */ = {
			isa = PBXGroup;
			children = (
				FCC25FB2248B72ED002992FE /* SettingViewController.swift */,
			);
			path = ViewController;
			sourceTree = "<group>";
		};
		FCC25FBE248CCA30002992FE /* Cell */ = {
			isa = PBXGroup;
			children = (
				FCC25FB6248B7E2C002992FE /* BaseSubtitleCell.swift */,
				FCC25FBC248CCA28002992FE /* ButtonCell.swift */,
			);
			path = Cell;
			sourceTree = "<group>";
		};
		FCE9A2FF2491AD1E00B5E8E5 /* Model */ = {
			isa = PBXGroup;
			children = (
				FCE9A3002491AD2F00B5E8E5 /* SectionModel.swift */,
			);
			path = Model;
			sourceTree = "<group>";
		};
/* End PBXGroup section */

/* Begin PBXNativeTarget section */
		FC4651CF248A48B700508272 /* MVVM-C */ = {
			isa = PBXNativeTarget;
			buildConfigurationList = FC4651E4248A48B900508272 /* Build configuration list for PBXNativeTarget "MVVM-C" */;
			buildPhases = (
				A597A51B5CA997EE32C6DF47 /* [CP] Check Pods Manifest.lock */,
				FC4651CC248A48B700508272 /* Sources */,
				FC4651CD248A48B700508272 /* Frameworks */,
				FC4651CE248A48B700508272 /* Resources */,
				F5FCC9C4798AA1BDC4633961 /* [CP] Embed Pods Frameworks */,
			);
			buildRules = (
			);
			dependencies = (
			);
			name = "MVVM-C";
			productName = "MVVM-C";
			productReference = FC4651D0248A48B700508272 /* MVVM-C.app */;
			productType = "com.apple.product-type.application";
		};
/* End PBXNativeTarget section */

/* Begin PBXProject section */
		FC4651C8248A48B700508272 /* Project object */ = {
			isa = PBXProject;
			attributes = {
				LastSwiftUpdateCheck = 1150;
				LastUpgradeCheck = 1150;
				ORGANIZATIONNAME = "Bing Guo";
				TargetAttributes = {
					FC4651CF248A48B700508272 = {
						CreatedOnToolsVersion = 11.5;
					};
				};
			};
			buildConfigurationList = FC4651CB248A48B700508272 /* Build configuration list for PBXProject "MVVM-C" */;
			compatibilityVersion = "Xcode 9.3";
			developmentRegion = en;
			hasScannedForEncodings = 0;
			knownRegions = (
				en,
				Base,
			);
			mainGroup = FC4651C7248A48B700508272;
			productRefGroup = FC4651D1248A48B700508272 /* Products */;
			projectDirPath = "";
			projectRoot = "";
			targets = (
				FC4651CF248A48B700508272 /* MVVM-C */,
			);
		};
/* End PBXProject section */

/* Begin PBXResourcesBuildPhase section */
		FC4651CE248A48B700508272 /* Resources */ = {
			isa = PBXResourcesBuildPhase;
			buildActionMask = 2147483647;
			files = (
				FC4651E0248A48B900508272 /* LaunchScreen.storyboard in Resources */,
				FC4651DD248A48B900508272 /* Assets.xcassets in Resources */,
			);
			runOnlyForDeploymentPostprocessing = 0;
		};
/* End PBXResourcesBuildPhase section */

/* Begin PBXShellScriptBuildPhase section */
		A597A51B5CA997EE32C6DF47 /* [CP] Check Pods Manifest.lock */ = {
			isa = PBXShellScriptBuildPhase;
			buildActionMask = 2147483647;
			files = (
			);
			inputFileListPaths = (
			);
			inputPaths = (
				"${PODS_PODFILE_DIR_PATH}/Podfile.lock",
				"${PODS_ROOT}/Manifest.lock",
			);
			name = "[CP] Check Pods Manifest.lock";
			outputFileListPaths = (
			);
			outputPaths = (
				"$(DERIVED_FILE_DIR)/Pods-MVVM-C-checkManifestLockResult.txt",
			);
			runOnlyForDeploymentPostprocessing = 0;
			shellPath = /bin/sh;
			shellScript = "diff \"${PODS_PODFILE_DIR_PATH}/Podfile.lock\" \"${PODS_ROOT}/Manifest.lock\" > /dev/null\nif [ $? != 0 ] ; then\n    # print error to STDERR\n    echo \"error: The sandbox is not in sync with the Podfile.lock. Run 'pod install' or update your CocoaPods installation.\" >&2\n    exit 1\nfi\n# This output is used by Xcode 'outputs' to avoid re-running this script phase.\necho \"SUCCESS\" > \"${SCRIPT_OUTPUT_FILE_0}\"\n";
			showEnvVarsInLog = 0;
		};
		F5FCC9C4798AA1BDC4633961 /* [CP] Embed Pods Frameworks */ = {
			isa = PBXShellScriptBuildPhase;
			buildActionMask = 2147483647;
			files = (
			);
			inputFileListPaths = (
				"${PODS_ROOT}/Target Support Files/Pods-MVVM-C/Pods-MVVM-C-frameworks-${CONFIGURATION}-input-files.xcfilelist",
			);
			name = "[CP] Embed Pods Frameworks";
			outputFileListPaths = (
				"${PODS_ROOT}/Target Support Files/Pods-MVVM-C/Pods-MVVM-C-frameworks-${CONFIGURATION}-output-files.xcfilelist",
			);
			runOnlyForDeploymentPostprocessing = 0;
			shellPath = /bin/sh;
			shellScript = "\"${PODS_ROOT}/Target Support Files/Pods-MVVM-C/Pods-MVVM-C-frameworks.sh\"\n";
			showEnvVarsInLog = 0;
		};
/* End PBXShellScriptBuildPhase section */

/* Begin PBXSourcesBuildPhase section */
		FC4651CC248A48B700508272 /* Sources */ = {
			isa = PBXSourcesBuildPhase;
			buildActionMask = 2147483647;
			files = (
				FC4651F1248A505100508272 /* BaseCoorinator.swift in Sources */,
				FCC25F7C248B0D0D002992FE /* FakeAPIService.swift in Sources */,
				FCC25FB9248B83FA002992FE /* AppCoordinator.swift in Sources */,
				FC4651EF248A4A6B00508272 /* CreditCardSettingViewModel.swift in Sources */,
				FCC25FB4248B72ED002992FE /* SettingCoordinator.swift in Sources */,
				FCC25F7A248B0C45002992FE /* CreditCard.swift in Sources */,
				FCC25FB3248B72ED002992FE /* SettingViewModel.swift in Sources */,
				FCC25FB5248B72ED002992FE /* SettingViewController.swift in Sources */,
				FCC25FBD248CCA28002992FE /* ButtonCell.swift in Sources */,
				FC4651D8248A48B700508272 /* CreditCardSettingViewController.swift in Sources */,
				FCC25FB7248B7E2C002992FE /* BaseSubtitleCell.swift in Sources */,
				FC4651D4248A48B700508272 /* AppDelegate.swift in Sources */,
				FC4651D6248A48B700508272 /* SceneDelegate.swift in Sources */,
				FCE9A3012491AD2F00B5E8E5 /* SectionModel.swift in Sources */,
				FC4651ED248A49E600508272 /* CreditCardSettingCoordinator.swift in Sources */,
			);
			runOnlyForDeploymentPostprocessing = 0;
		};
/* End PBXSourcesBuildPhase section */

/* Begin PBXVariantGroup section */
		FC4651DE248A48B900508272 /* LaunchScreen.storyboard */ = {
			isa = PBXVariantGroup;
			children = (
				FC4651DF248A48B900508272 /* Base */,
			);
			name = LaunchScreen.storyboard;
			sourceTree = "<group>";
		};
/* End PBXVariantGroup section */

/* Begin XCBuildConfiguration section */
		FC4651E2248A48B900508272 /* Debug */ = {
			isa = XCBuildConfiguration;
			buildSettings = {
				ALWAYS_SEARCH_USER_PATHS = NO;
				CLANG_ANALYZER_NONNULL = YES;
				CLANG_ANALYZER_NUMBER_OBJECT_CONVERSION = YES_AGGRESSIVE;
				CLANG_CXX_LANGUAGE_STANDARD = "gnu++14";
				CLANG_CXX_LIBRARY = "libc++";
				CLANG_ENABLE_MODULES = YES;
				CLANG_ENABLE_OBJC_ARC = YES;
				CLANG_ENABLE_OBJC_WEAK = YES;
				CLANG_WARN_BLOCK_CAPTURE_AUTORELEASING = YES;
				CLANG_WARN_BOOL_CONVERSION = YES;
				CLANG_WARN_COMMA = YES;
				CLANG_WARN_CONSTANT_CONVERSION = YES;
				CLANG_WARN_DEPRECATED_OBJC_IMPLEMENTATIONS = YES;
				CLANG_WARN_DIRECT_OBJC_ISA_USAGE = YES_ERROR;
				CLANG_WARN_DOCUMENTATION_COMMENTS = YES;
				CLANG_WARN_EMPTY_BODY = YES;
				CLANG_WARN_ENUM_CONVERSION = YES;
				CLANG_WARN_INFINITE_RECURSION = YES;
				CLANG_WARN_INT_CONVERSION = YES;
				CLANG_WARN_NON_LITERAL_NULL_CONVERSION = YES;
				CLANG_WARN_OBJC_IMPLICIT_RETAIN_SELF = YES;
				CLANG_WARN_OBJC_LITERAL_CONVERSION = YES;
				CLANG_WARN_OBJC_ROOT_CLASS = YES_ERROR;
				CLANG_WARN_RANGE_LOOP_ANALYSIS = YES;
				CLANG_WARN_STRICT_PROTOTYPES = YES;
				CLANG_WARN_SUSPICIOUS_MOVE = YES;
				CLANG_WARN_UNGUARDED_AVAILABILITY = YES_AGGRESSIVE;
				CLANG_WARN_UNREACHABLE_CODE = YES;
				CLANG_WARN__DUPLICATE_METHOD_MATCH = YES;
				COPY_PHASE_STRIP = NO;
				DEBUG_INFORMATION_FORMAT = dwarf;
				ENABLE_STRICT_OBJC_MSGSEND = YES;
				ENABLE_TESTABILITY = YES;
				GCC_C_LANGUAGE_STANDARD = gnu11;
				GCC_DYNAMIC_NO_PIC = NO;
				GCC_NO_COMMON_BLOCKS = YES;
				GCC_OPTIMIZATION_LEVEL = 0;
				GCC_PREPROCESSOR_DEFINITIONS = (
					"DEBUG=1",
					"$(inherited)",
				);
				GCC_WARN_64_TO_32_BIT_CONVERSION = YES;
				GCC_WARN_ABOUT_RETURN_TYPE = YES_ERROR;
				GCC_WARN_UNDECLARED_SELECTOR = YES;
				GCC_WARN_UNINITIALIZED_AUTOS = YES_AGGRESSIVE;
				GCC_WARN_UNUSED_FUNCTION = YES;
				GCC_WARN_UNUSED_VARIABLE = YES;
				IPHONEOS_DEPLOYMENT_TARGET = 13.0;
				MTL_ENABLE_DEBUG_INFO = INCLUDE_SOURCE;
				MTL_FAST_MATH = YES;
				ONLY_ACTIVE_ARCH = YES;
				SDKROOT = iphoneos;
				SWIFT_ACTIVE_COMPILATION_CONDITIONS = DEBUG;
				SWIFT_OPTIMIZATION_LEVEL = "-Onone";
			};
			name = Debug;
		};
		FC4651E3248A48B900508272 /* Release */ = {
			isa = XCBuildConfiguration;
			buildSettings = {
				ALWAYS_SEARCH_USER_PATHS = NO;
				CLANG_ANALYZER_NONNULL = YES;
				CLANG_ANALYZER_NUMBER_OBJECT_CONVERSION = YES_AGGRESSIVE;
				CLANG_CXX_LANGUAGE_STANDARD = "gnu++14";
				CLANG_CXX_LIBRARY = "libc++";
				CLANG_ENABLE_MODULES = YES;
				CLANG_ENABLE_OBJC_ARC = YES;
				CLANG_ENABLE_OBJC_WEAK = YES;
				CLANG_WARN_BLOCK_CAPTURE_AUTORELEASING = YES;
				CLANG_WARN_BOOL_CONVERSION = YES;
				CLANG_WARN_COMMA = YES;
				CLANG_WARN_CONSTANT_CONVERSION = YES;
				CLANG_WARN_DEPRECATED_OBJC_IMPLEMENTATIONS = YES;
				CLANG_WARN_DIRECT_OBJC_ISA_USAGE = YES_ERROR;
				CLANG_WARN_DOCUMENTATION_COMMENTS = YES;
				CLANG_WARN_EMPTY_BODY = YES;
				CLANG_WARN_ENUM_CONVERSION = YES;
				CLANG_WARN_INFINITE_RECURSION = YES;
				CLANG_WARN_INT_CONVERSION = YES;
				CLANG_WARN_NON_LITERAL_NULL_CONVERSION = YES;
				CLANG_WARN_OBJC_IMPLICIT_RETAIN_SELF = YES;
				CLANG_WARN_OBJC_LITERAL_CONVERSION = YES;
				CLANG_WARN_OBJC_ROOT_CLASS = YES_ERROR;
				CLANG_WARN_RANGE_LOOP_ANALYSIS = YES;
				CLANG_WARN_STRICT_PROTOTYPES = YES;
				CLANG_WARN_SUSPICIOUS_MOVE = YES;
				CLANG_WARN_UNGUARDED_AVAILABILITY = YES_AGGRESSIVE;
				CLANG_WARN_UNREACHABLE_CODE = YES;
				CLANG_WARN__DUPLICATE_METHOD_MATCH = YES;
				COPY_PHASE_STRIP = NO;
				DEBUG_INFORMATION_FORMAT = "dwarf-with-dsym";
				ENABLE_NS_ASSERTIONS = NO;
				ENABLE_STRICT_OBJC_MSGSEND = YES;
				GCC_C_LANGUAGE_STANDARD = gnu11;
				GCC_NO_COMMON_BLOCKS = YES;
				GCC_WARN_64_TO_32_BIT_CONVERSION = YES;
				GCC_WARN_ABOUT_RETURN_TYPE = YES_ERROR;
				GCC_WARN_UNDECLARED_SELECTOR = YES;
				GCC_WARN_UNINITIALIZED_AUTOS = YES_AGGRESSIVE;
				GCC_WARN_UNUSED_FUNCTION = YES;
				GCC_WARN_UNUSED_VARIABLE = YES;
				IPHONEOS_DEPLOYMENT_TARGET = 13.0;
				MTL_ENABLE_DEBUG_INFO = NO;
				MTL_FAST_MATH = YES;
				SDKROOT = iphoneos;
				SWIFT_COMPILATION_MODE = wholemodule;
				SWIFT_OPTIMIZATION_LEVEL = "-O";
				VALIDATE_PRODUCT = YES;
			};
			name = Release;
		};
		FC4651E5248A48B900508272 /* Debug */ = {
			isa = XCBuildConfiguration;
			baseConfigurationReference = C96B4656EAAF99A28917CA90 /* Pods-MVVM-C.debug.xcconfig */;
			buildSettings = {
				ASSETCATALOG_COMPILER_APPICON_NAME = AppIcon;
				CODE_SIGN_STYLE = Automatic;
				DEVELOPMENT_TEAM = V4HTHZYDXC;
				INFOPLIST_FILE = "MVVM-C/Info.plist";
				LD_RUNPATH_SEARCH_PATHS = (
					"$(inherited)",
					"@executable_path/Frameworks",
				);
				PRODUCT_BUNDLE_IDENTIFIER = "com.bing.MVVM-C";
				PRODUCT_NAME = "$(TARGET_NAME)";
				SWIFT_VERSION = 5.0;
				TARGETED_DEVICE_FAMILY = "1,2";
			};
			name = Debug;
		};
		FC4651E6248A48B900508272 /* Release */ = {
			isa = XCBuildConfiguration;
			baseConfigurationReference = 2852D493B7E199F988E60C04 /* Pods-MVVM-C.release.xcconfig */;
			buildSettings = {
				ASSETCATALOG_COMPILER_APPICON_NAME = AppIcon;
				CODE_SIGN_STYLE = Automatic;
				DEVELOPMENT_TEAM = V4HTHZYDXC;
				INFOPLIST_FILE = "MVVM-C/Info.plist";
				LD_RUNPATH_SEARCH_PATHS = (
					"$(inherited)",
					"@executable_path/Frameworks",
				);
				PRODUCT_BUNDLE_IDENTIFIER = "com.bing.MVVM-C";
				PRODUCT_NAME = "$(TARGET_NAME)";
				SWIFT_VERSION = 5.0;
				TARGETED_DEVICE_FAMILY = "1,2";
			};
			name = Release;
		};
/* End XCBuildConfiguration section */

/* Begin XCConfigurationList section */
		FC4651CB248A48B700508272 /* Build configuration list for PBXProject "MVVM-C" */ = {
			isa = XCConfigurationList;
			buildConfigurations = (
				FC4651E2248A48B900508272 /* Debug */,
				FC4651E3248A48B900508272 /* Release */,
			);
			defaultConfigurationIsVisible = 0;
			defaultConfigurationName = Release;
		};
		FC4651E4248A48B900508272 /* Build configuration list for PBXNativeTarget "MVVM-C" */ = {
			isa = XCConfigurationList;
			buildConfigurations = (
				FC4651E5248A48B900508272 /* Debug */,
				FC4651E6248A48B900508272 /* Release */,
			);
			defaultConfigurationIsVisible = 0;
			defaultConfigurationName = Release;
		};
/* End XCConfigurationList section */
	};
	rootObject = FC4651C8248A48B700508272 /* Project object */;
}
